// !$*UTF8*$!
{
	archiveVersion = 1;
	classes = {
	};
	objectVersion = 46;
	objects = {

/* Begin PBXBuildFile section */
		9DF1696A1DD186DC00C17E57 /* AppDelegate.swift in Sources */ = {isa = PBXBuildFile; fileRef = 9DF169691DD186DC00C17E57 /* AppDelegate.swift */; };
		9DF1696C1DD186DC00C17E57 /* ViewController.swift in Sources */ = {isa = PBXBuildFile; fileRef = 9DF1696B1DD186DC00C17E57 /* ViewController.swift */; };
		9DF1696F1DD186DC00C17E57 /* Main.storyboard in Resources */ = {isa = PBXBuildFile; fileRef = 9DF1696D1DD186DC00C17E57 /* Main.storyboard */; };
		9DF169711DD186DC00C17E57 /* Assets.xcassets in Resources */ = {isa = PBXBuildFile; fileRef = 9DF169701DD186DC00C17E57 /* Assets.xcassets */; };
		9DF169741DD186DC00C17E57 /* LaunchScreen.storyboard in Resources */ = {isa = PBXBuildFile; fileRef = 9DF169721DD186DC00C17E57 /* LaunchScreen.storyboard */; };
		9DF1697D1DD187CE00C17E57 /* MapKit.framework in Frameworks */ = {isa = PBXBuildFile; fileRef = 9DF1697C1DD187CE00C17E57 /* MapKit.framework */; };
/* End PBXBuildFile section */

/* Begin PBXFileReference section */
		9DF169661DD186DC00C17E57 /* MapKit Erke.app */ = {isa = PBXFileReference; explicitFileType = wrapper.application; includeInIndex = 0; path = "MapKit Erke.app"; sourceTree = BUILT_PRODUCTS_DIR; };
		9DF169691DD186DC00C17E57 /* AppDelegate.swift */ = {isa = PBXFileReference; lastKnownFileType = sourcecode.swift; path = AppDelegate.swift; sourceTree = "<group>"; };
		9DF1696B1DD186DC00C17E57 /* ViewController.swift */ = {isa = PBXFileReference; lastKnownFileType = sourcecode.swift; path = ViewController.swift; sourceTree = "<group>"; };
		9DF1696E1DD186DC00C17E57 /* Base */ = {isa = PBXFileReference; lastKnownFileType = file.storyboard; name = Base; path = Base.lproj/Main.storyboard; sourceTree = "<group>"; };
		9DF169701DD186DC00C17E57 /* Assets.xcassets */ = {isa = PBXFileReference; lastKnownFileType = folder.assetcatalog; path = Assets.xcassets; sourceTree = "<group>"; };
		9DF169731DD186DC00C17E57 /* Base */ = {isa = PBXFileReference; lastKnownFileType = file.storyboard; name = Base; path = Base.lproj/LaunchScreen.storyboard; sourceTree = "<group>"; };
		9DF169751DD186DC00C17E57 /* Info.plist */ = {isa = PBXFileReference; lastKnownFileType = text.plist.xml; path = Info.plist; sourceTree = "<group>"; };
		9DF1697C1DD187CE00C17E57 /* MapKit.framework */ = {isa = PBXFileReference; lastKnownFileType = wrapper.framework; name = MapKit.framework; path = System/Library/Frameworks/MapKit.framework; sourceTree = SDKROOT; };
/* End PBXFileReference section */

/* Begin PBXFrameworksBuildPhase section */
		9DF169631DD186DC00C17E57 /* Frameworks */ = {
			isa = PBXFrameworksBuildPhase;
			buildActionMask = 2147483647;
			files = (
				9DF1697D1DD187CE00C17E57 /* MapKit.framework in Frameworks */,
			);
			runOnlyForDeploymentPostprocessing = 0;
		};
/* End PBXFrameworksBuildPhase section */

/* Begin PBXGroup section */
		9DF1695D1DD186DC00C17E57 = {
			isa = PBXGroup;
			children = (
				9DF169681DD186DC00C17E57 /* MapKit Erke */,
				9DF169671DD186DC00C17E57 /* Products */,
				9DF1697B1DD187CE00C17E57 /* Frameworks */,
			);
			sourceTree = "<group>";
		};
		9DF169671DD186DC00C17E57 /* Products */ = {
			isa = PBXGroup;
			children = (
				9DF169661DD186DC00C17E57 /* MapKit Erke.app */,
			);
			name = Products;
			sourceTree = "<group>";
		};
		9DF169681DD186DC00C17E57 /* MapKit Erke */ = {
			isa = PBXGroup;
			children = (
				9DF169691DD186DC00C17E57 /* AppDelegate.swift */,
				9DF1696B1DD186DC00C17E57 /* ViewController.swift */,
				9DF1696D1DD186DC00C17E57 /* Main.storyboard */,
				9DF169701DD186DC00C17E57 /* Assets.xcassets */,
				9DF169721DD186DC00C17E57 /* LaunchScreen.storyboard */,
				9DF169751DD186DC00C17E57 /* Info.plist */,
			);
			path = "MapKit Erke";
			sourceTree = "<group>";
		};
		9DF1697B1DD187CE00C17E57 /* Frameworks */ = {
			isa = PBXGroup;
			children = (
				9DF1697C1DD187CE00C17E57 /* MapKit.framework */,
			);
			name = Frameworks;
			sourceTree = "<group>";
		};
/* End PBXGroup section */

/* Begin PBXNativeTarget section */
		9DF169651DD186DC00C17E57 /* MapKit Erke */ = {
			isa = PBXNativeTarget;
			buildConfigurationList = 9DF169781DD186DC00C17E57 /* Build configuration list for PBXNativeTarget "MapKit Erke" */;
			buildPhases = (
				9DF169621DD186DC00C17E57 /* Sources */,
				9DF169631DD186DC00C17E57 /* Frameworks */,
				9DF169641DD186DC00C17E57 /* Resources */,
			);
			buildRules = (
			);
			dependencies = (
			);
			name = "MapKit Erke";
			productName = "MapKit Erke";
			productReference = 9DF169661DD186DC00C17E57 /* MapKit Erke.app */;
			productType = "com.apple.product-type.application";
		};
/* End PBXNativeTarget section */

/* Begin PBXProject section */
		9DF1695E1DD186DC00C17E57 /* Project object */ = {
			isa = PBXProject;
			attributes = {
				LastSwiftUpdateCheck = 0800;
				LastUpgradeCheck = 0800;
				ORGANIZATIONNAME = "Yerkegali Abubakirov";
				TargetAttributes = {
					9DF169651DD186DC00C17E57 = {
						CreatedOnToolsVersion = 8.0;
						ProvisioningStyle = Automatic;
					};
				};
			};
			buildConfigurationList = 9DF169611DD186DC00C17E57 /* Build configuration list for PBXProject "MapKit Erke" */;
			compatibilityVersion = "Xcode 3.2";
			developmentRegion = English;
			hasScannedForEncodings = 0;
			knownRegions = (
				en,
				Base,
			);
			mainGroup = 9DF1695D1DD186DC00C17E57;
			productRefGroup = 9DF169671DD186DC00C17E57 /* Products */;
			projectDirPath = "";
			projectRoot = "";
			targets = (
				9DF169651DD186DC00C17E57 /* MapKit Erke */,
			);
		};
/* End PBXProject section */

/* Begin PBXResourcesBuildPhase section */
		9DF169641DD186DC00C17E57 /* Resources */ = {
			isa = PBXResourcesBuildPhase;
			buildActionMask = 2147483647;
			files = (
				9DF169741DD186DC00C17E57 /* LaunchScreen.storyboard in Resources */,
				9DF169711DD186DC00C17E57 /* Assets.xcassets in Resources */,
				9DF1696F1DD186DC00C17E57 /* Main.storyboard in Resources */,
			);
			runOnlyForDeploymentPostprocessing = 0;
		};
/* End PBXResourcesBuildPhase section */

/* Begin PBXSourcesBuildPhase section */
		9DF169621DD186DC00C17E57 /* Sources */ = {
			isa = PBXSourcesBuildPhase;
			buildActionMask = 2147483647;
			files = (
				9DF1696C1DD186DC00C17E57 /* ViewController.swift in Sources */,
				9DF1696A1DD186DC00C17E57 /* AppDelegate.swift in Sources */,
			);
			runOnlyForDeploymentPostprocessing = 0;
		};
/* End PBXSourcesBuildPhase section */

/* Begin PBXVariantGroup section */
		9DF1696D1DD186DC00C17E57 /* Main.storyboard */ = {
			isa = PBXVariantGroup;
			children = (
				9DF1696E1DD186DC00C17E57 /* Base */,
			);
			name = Main.storyboard;
			sourceTree = "<group>";
		};
		9DF169721DD186DC00C17E57 /* LaunchScreen.storyboard */ = {
			isa = PBXVariantGroup;
			children = (
				9DF169731DD186DC00C17E57 /* Base */,
			);
			name = LaunchScreen.storyboard;
			sourceTree = "<group>";
		};
/* End PBXVariantGroup section */

/* Begin XCBuildConfiguration section */
		9DF169761DD186DC00C17E57 /* Debug */ = {
			isa = XCBuildConfiguration;
			buildSettings = {
				ALWAYS_SEARCH_USER_PATHS = NO;
				CLANG_ANALYZER_NONNULL = YES;
				CLANG_CXX_LANGUAGE_STANDARD = "gnu++0x";
				CLANG_CXX_LIBRARY = "libc++";
				CLANG_ENABLE_MODULES = YES;
				CLANG_ENABLE_OBJC_ARC = YES;
				CLANG_WARN_BOOL_CONVERSION = YES;
				CLANG_WARN_CONSTANT_CONVERSION = YES;
				CLANG_WARN_DIRECT_OBJC_ISA_USAGE = YES_ERROR;
				CLANG_WARN_DOCUMENTATION_COMMENTS = YES;
				CLANG_WARN_EMPTY_BODY = YES;
				CLANG_WARN_ENUM_CONVERSION = YES;
				CLANG_WARN_INFINITE_RECURSION = YES;
				CLANG_WARN_INT_CONVERSION = YES;
				CLANG_WARN_OBJC_ROOT_CLASS = YES_ERROR;
				CLANG_WARN_SUSPICIOUS_MOVES = YES;
				CLANG_WARN_UNREACHABLE_CODE = YES;
				CLANG_WARN__DUPLICATE_METHOD_MATCH = YES;
				"CODE_SIGN_IDENTITY[sdk=iphoneos*]" = "iPhone Developer";
				COPY_PHASE_STRIP = NO;
				DEBUG_INFORMATION_FORMAT = dwarf;
				ENABLE_STRICT_OBJC_MSGSEND = YES;
				ENABLE_TESTABILITY = YES;
				GCC_C_LANGUAGE_STANDARD = gnu99;
				GCC_DYNAMIC_NO_PIC = NO;
				GCC_NO_COMMON_BLOCKS = YES;
				GCC_OPTIMIZATION_LEVEL = 0;
				GCC_PREPROCESSOR_DEFINITIONS = (
					"DEBUG=1",
					"$(inherited)",
				);
				GCC_WARN_64_TO_32_BIT_CONVERSION = YES;
				GCC_WARN_ABOUT_RETURN_TYPE = YES_ERROR;
				GCC_WARN_UNDECLARED_SELECTOR = YES;
				GCC_WARN_UNINITIALIZED_AUTOS = YES_AGGRESSIVE;
				GCC_WARN_UNUSED_FUNCTION = YES;
				GCC_WARN_UNUSED_VARIABLE = YES;
				IPHONEOS_DEPLOYMENT_TARGET = 10.0;
				MTL_ENABLE_DEBUG_INFO = YES;
				ONLY_ACTIVE_ARCH = YES;
				SDKROOT = iphoneos;
				SWIFT_ACTIVE_COMPILATION_CONDITIONS = DEBUG;
				SWIFT_OPTIMIZATION_LEVEL = "-Onone";
			};
			name = Debug;
		};
		9DF169771DD186DC00C17E57 /* Release */ = {
			isa = XCBuildConfiguration;
			buildSettings = {
				ALWAYS_SEARCH_USER_PATHS = NO;
				CLANG_ANALYZER_NONNULL = YES;
				CLANG_CXX_LANGUAGE_STANDARD = "gnu++0x";
				CLANG_CXX_LIBRARY = "libc++";
				CLANG_ENABLE_MODULES = YES;
				CLANG_ENABLE_OBJC_ARC = YES;
				CLANG_WARN_BOOL_CONVERSION = YES;
				CLANG_WARN_CONSTANT_CONVERSION = YES;
				CLANG_WARN_DIRECT_OBJC_ISA_USAGE = YES_ERROR;
				CLANG_WARN_DOCUMENTATION_COMMENTS = YES;
				CLANG_WARN_EMPTY_BODY = YES;
				CLANG_WARN_ENUM_CONVERSION = YES;
				CLANG_WARN_INFINITE_RECURSION = YES;
				CLANG_WARN_INT_CONVERSION = YES;
				CLANG_WARN_OBJC_ROOT_CLASS = YES_ERROR;
				CLANG_WARN_SUSPICIOUS_MOVES = YES;
				CLANG_WARN_UNREACHABLE_CODE = YES;
				CLANG_WARN__DUPLICATE_METHOD_MATCH = YES;
				"CODE_SIGN_IDENTITY[sdk=iphoneos*]" = "iPhone Developer";
				COPY_PHASE_STRIP = NO;
				DEBUG_INFORMATION_FORMAT = "dwarf-with-dsym";
				ENABLE_NS_ASSERTIONS = NO;
				ENABLE_STRICT_OBJC_MSGSEND = YES;
				GCC_C_LANGUAGE_STANDARD = gnu99;
				GCC_NO_COMMON_BLOCKS = YES;
				GCC_WARN_64_TO_32_BIT_CONVERSION = YES;
				GCC_WARN_ABOUT_RETURN_TYPE = YES_ERROR;
				GCC_WARN_UNDECLARED_SELECTOR = YES;
				GCC_WARN_UNINITIALIZED_AUTOS = YES_AGGRESSIVE;
				GCC_WARN_UNUSED_FUNCTION = YES;
				GCC_WARN_UNUSED_VARIABLE = YES;
				IPHONEOS_DEPLOYMENT_TARGET = 10.0;
				MTL_ENABLE_DEBUG_INFO = NO;
				SDKROOT = iphoneos;
				SWIFT_OPTIMIZATION_LEVEL = "-Owholemodule";
				VALIDATE_PRODUCT = YES;
			};
			name = Release;
		};
		9DF169791DD186DC00C17E57 /* Debug */ = {
			isa = XCBuildConfiguration;
			buildSettings = {
				ASSETCATALOG_COMPILER_APPICON_NAME = AppIcon;
				INFOPLIST_FILE = "MapKit Erke/Info.plist";
				LD_RUNPATH_SEARCH_PATHS = "$(inherited) @executable_path/Frameworks";
				PRODUCT_BUNDLE_IDENTIFIER = "yerkegali.MapKit-Erke";
				PRODUCT_NAME = "$(TARGET_NAME)";
				SWIFT_VERSION = 3.0;
			};
			name = Debug;
		};
		9DF1697A1DD186DC00C17E57 /* Release */ = {
			isa = XCBuildConfiguration;
			buildSettings = {
				ASSETCATALOG_COMPILER_APPICON_NAME = AppIcon;
				INFOPLIST_FILE = "MapKit Erke/Info.plist";
				LD_RUNPATH_SEARCH_PATHS = "$(inherited) @executable_path/Frameworks";
				PRODUCT_BUNDLE_IDENTIFIER = "yerkegali.MapKit-Erke";
				PRODUCT_NAME = "$(TARGET_NAME)";
				SWIFT_VERSION = 3.0;
			};
			name = Release;
		};
/* End XCBuildConfiguration section */

/* Begin XCConfigurationList section */
		9DF169611DD186DC00C17E57 /* Build configuration list for PBXProject "MapKit Erke" */ = {
			isa = XCConfigurationList;
			buildConfigurations = (
				9DF169761DD186DC00C17E57 /* Debug */,
				9DF169771DD186DC00C17E57 /* Release */,
			);
			defaultConfigurationIsVisible = 0;
			defaultConfigurationName = Release;
		};
		9DF169781DD186DC00C17E57 /* Build configuration list for PBXNativeTarget "MapKit Erke" */ = {
			isa = XCConfigurationList;
			buildConfigurations = (
				9DF169791DD186DC00C17E57 /* Debug */,
				9DF1697A1DD186DC00C17E57 /* Release */,
			);
			defaultConfigurationIsVisible = 0;
		};
/* End XCConfigurationList section */
	};
	rootObject = 9DF1695E1DD186DC00C17E57 /* Project object */;
}
